// !$*UTF8*$!
{
	archiveVersion = 1;
	classes = {
	};
	objectVersion = 50;
	objects = {

/* Begin PBXBuildFile section */
		5C029AA520BCF1D30029BAAE /* AppDelegate.m in Sources */ = {isa = PBXBuildFile; fileRef = 5C029AA420BCF1D30029BAAE /* AppDelegate.m */; };
		5C029AA820BCF1D30029BAAE /* ViewController.m in Sources */ = {isa = PBXBuildFile; fileRef = 5C029AA720BCF1D30029BAAE /* ViewController.m */; };
		5C029AAB20BCF1D30029BAAE /* Main.storyboard in Resources */ = {isa = PBXBuildFile; fileRef = 5C029AA920BCF1D30029BAAE /* Main.storyboard */; };
		5C029AAD20BCF1D50029BAAE /* Assets.xcassets in Resources */ = {isa = PBXBuildFile; fileRef = 5C029AAC20BCF1D50029BAAE /* Assets.xcassets */; };
		5C029AB020BCF1D50029BAAE /* LaunchScreen.storyboard in Resources */ = {isa = PBXBuildFile; fileRef = 5C029AAE20BCF1D50029BAAE /* LaunchScreen.storyboard */; };
		5C029AB320BCF1D50029BAAE /* main.m in Sources */ = {isa = PBXBuildFile; fileRef = 5C029AB220BCF1D50029BAAE /* main.m */; };
		5C029AC520BCF1E90029BAAE /* MMJsonModel.m in Sources */ = {isa = PBXBuildFile; fileRef = 5C029ABC20BCF1E90029BAAE /* MMJsonModel.m */; };
		5C029AC620BCF1E90029BAAE /* MMDBManager.m in Sources */ = {isa = PBXBuildFile; fileRef = 5C029ABE20BCF1E90029BAAE /* MMDBManager.m */; };
		5C029AC720BCF1E90029BAAE /* MMCrashLogManager.m in Sources */ = {isa = PBXBuildFile; fileRef = 5C029AC220BCF1E90029BAAE /* MMCrashLogManager.m */; };
		5C029AC820BCF1E90029BAAE /* CrashTable.db in Resources */ = {isa = PBXBuildFile; fileRef = 5C029AC420BCF1E90029BAAE /* CrashTable.db */; };
		5C029ACC20BCF21A0029BAAE /* MMConverDataUnit.m in Sources */ = {isa = PBXBuildFile; fileRef = 5C029ACB20BCF21A0029BAAE /* MMConverDataUnit.m */; };
		5C029AD020BD48560029BAAE /* UIColor+Addition.m in Sources */ = {isa = PBXBuildFile; fileRef = 5C029ACF20BD48560029BAAE /* UIColor+Addition.m */; };
		5C029AD520BD4D700029BAAE /* MMXMLAnalysisUnit.m in Sources */ = {isa = PBXBuildFile; fileRef = 5C029AD420BD4D700029BAAE /* MMXMLAnalysisUnit.m */; };
		5C98175420C0EE1B00DE531C /* DownloadListViewController.m in Sources */ = {isa = PBXBuildFile; fileRef = 5C98175320C0EE1B00DE531C /* DownloadListViewController.m */; };
		5C98175820C0EE6400DE531C /* DownloadTableViewCell.m in Sources */ = {isa = PBXBuildFile; fileRef = 5C98175720C0EE6400DE531C /* DownloadTableViewCell.m */; };
		5C98175B20C0EF0500DE531C /* DownloadCellModel.m in Sources */ = {isa = PBXBuildFile; fileRef = 5C98175A20C0EF0500DE531C /* DownloadCellModel.m */; };
		5CACF1CF20BD580D00B11A9B /* mm.xml in Resources */ = {isa = PBXBuildFile; fileRef = 5CACF1CE20BD580D00B11A9B /* mm.xml */; };
		5CACF1D320BE43A400B11A9B /* MMBlockUnit.m in Sources */ = {isa = PBXBuildFile; fileRef = 5CACF1D220BE43A400B11A9B /* MMBlockUnit.m */; };
		5CACF1D720BE4EE500B11A9B /* MMNSURLSessionTask.m in Sources */ = {isa = PBXBuildFile; fileRef = 5CACF1D620BE4EE500B11A9B /* MMNSURLSessionTask.m */; };
		5CACF1DF20BE951300B11A9B /* NSURLRequest+MMURLSessionTask.m in Sources */ = {isa = PBXBuildFile; fileRef = 5CACF1DE20BE951300B11A9B /* NSURLRequest+MMURLSessionTask.m */; };
		5CACF1E820BFD4E200B11A9B /* MMNSURLDownloadSessionManager.m in Sources */ = {isa = PBXBuildFile; fileRef = 5CACF1E720BFD4E200B11A9B /* MMNSURLDownloadSessionManager.m */; };
		5CACF1EB20BFD9D800B11A9B /* NSObject+MMAddition.m in Sources */ = {isa = PBXBuildFile; fileRef = 5CACF1EA20BFD9D800B11A9B /* NSObject+MMAddition.m */; };
		93A7749CC6767CB43E86B3FB /* libPods-MMUnitLib.a in Frameworks */ = {isa = PBXBuildFile; fileRef = C57F918089359ADCBBF5A8C8 /* libPods-MMUnitLib.a */; };
/* End PBXBuildFile section */

/* Begin PBXFileReference section */
		029DECFF94C37708DD57CE1F /* Pods-MMUnitLib.debug.xcconfig */ = {isa = PBXFileReference; includeInIndex = 1; lastKnownFileType = text.xcconfig; name = "Pods-MMUnitLib.debug.xcconfig"; path = "Pods/Target Support Files/Pods-MMUnitLib/Pods-MMUnitLib.debug.xcconfig"; sourceTree = "<group>"; };
		5C029AA020BCF1D30029BAAE /* MMUnitLib.app */ = {isa = PBXFileReference; explicitFileType = wrapper.application; includeInIndex = 0; path = MMUnitLib.app; sourceTree = BUILT_PRODUCTS_DIR; };
		5C029AA320BCF1D30029BAAE /* AppDelegate.h */ = {isa = PBXFileReference; lastKnownFileType = sourcecode.c.h; path = AppDelegate.h; sourceTree = "<group>"; };
		5C029AA420BCF1D30029BAAE /* AppDelegate.m */ = {isa = PBXFileReference; lastKnownFileType = sourcecode.c.objc; path = AppDelegate.m; sourceTree = "<group>"; };
		5C029AA620BCF1D30029BAAE /* ViewController.h */ = {isa = PBXFileReference; lastKnownFileType = sourcecode.c.h; path = ViewController.h; sourceTree = "<group>"; };
		5C029AA720BCF1D30029BAAE /* ViewController.m */ = {isa = PBXFileReference; lastKnownFileType = sourcecode.c.objc; path = ViewController.m; sourceTree = "<group>"; };
		5C029AAA20BCF1D30029BAAE /* Base */ = {isa = PBXFileReference; lastKnownFileType = file.storyboard; name = Base; path = Base.lproj/Main.storyboard; sourceTree = "<group>"; };
		5C029AAC20BCF1D50029BAAE /* Assets.xcassets */ = {isa = PBXFileReference; lastKnownFileType = folder.assetcatalog; path = Assets.xcassets; sourceTree = "<group>"; };
		5C029AAF20BCF1D50029BAAE /* Base */ = {isa = PBXFileReference; lastKnownFileType = file.storyboard; name = Base; path = Base.lproj/LaunchScreen.storyboard; sourceTree = "<group>"; };
		5C029AB120BCF1D50029BAAE /* Info.plist */ = {isa = PBXFileReference; lastKnownFileType = text.plist.xml; path = Info.plist; sourceTree = "<group>"; };
		5C029AB220BCF1D50029BAAE /* main.m */ = {isa = PBXFileReference; lastKnownFileType = sourcecode.c.objc; path = main.m; sourceTree = "<group>"; };
		5C029ABB20BCF1E90029BAAE /* MMJsonModel.h */ = {isa = PBXFileReference; fileEncoding = 4; lastKnownFileType = sourcecode.c.h; path = MMJsonModel.h; sourceTree = "<group>"; };
		5C029ABC20BCF1E90029BAAE /* MMJsonModel.m */ = {isa = PBXFileReference; fileEncoding = 4; lastKnownFileType = sourcecode.c.objc; path = MMJsonModel.m; sourceTree = "<group>"; };
		5C029ABE20BCF1E90029BAAE /* MMDBManager.m */ = {isa = PBXFileReference; fileEncoding = 4; lastKnownFileType = sourcecode.c.objc; path = MMDBManager.m; sourceTree = "<group>"; };
		5C029ABF20BCF1E90029BAAE /* MMDBManager.h */ = {isa = PBXFileReference; fileEncoding = 4; lastKnownFileType = sourcecode.c.h; path = MMDBManager.h; sourceTree = "<group>"; };
		5C029AC120BCF1E90029BAAE /* MMCrashLogManager.h */ = {isa = PBXFileReference; fileEncoding = 4; lastKnownFileType = sourcecode.c.h; path = MMCrashLogManager.h; sourceTree = "<group>"; };
		5C029AC220BCF1E90029BAAE /* MMCrashLogManager.m */ = {isa = PBXFileReference; fileEncoding = 4; lastKnownFileType = sourcecode.c.objc; path = MMCrashLogManager.m; sourceTree = "<group>"; };
		5C029AC420BCF1E90029BAAE /* CrashTable.db */ = {isa = PBXFileReference; lastKnownFileType = file; path = CrashTable.db; sourceTree = "<group>"; };
		5C029ACA20BCF21A0029BAAE /* MMConverDataUnit.h */ = {isa = PBXFileReference; lastKnownFileType = sourcecode.c.h; path = MMConverDataUnit.h; sourceTree = "<group>"; };
		5C029ACB20BCF21A0029BAAE /* MMConverDataUnit.m */ = {isa = PBXFileReference; lastKnownFileType = sourcecode.c.objc; path = MMConverDataUnit.m; sourceTree = "<group>"; };
		5C029ACE20BD48560029BAAE /* UIColor+Addition.h */ = {isa = PBXFileReference; lastKnownFileType = sourcecode.c.h; path = "UIColor+Addition.h"; sourceTree = "<group>"; };
		5C029ACF20BD48560029BAAE /* UIColor+Addition.m */ = {isa = PBXFileReference; lastKnownFileType = sourcecode.c.objc; path = "UIColor+Addition.m"; sourceTree = "<group>"; };
		5C029AD320BD4D700029BAAE /* MMXMLAnalysisUnit.h */ = {isa = PBXFileReference; lastKnownFileType = sourcecode.c.h; path = MMXMLAnalysisUnit.h; sourceTree = "<group>"; };
		5C029AD420BD4D700029BAAE /* MMXMLAnalysisUnit.m */ = {isa = PBXFileReference; lastKnownFileType = sourcecode.c.objc; path = MMXMLAnalysisUnit.m; sourceTree = "<group>"; };
		5C98175220C0EE1B00DE531C /* DownloadListViewController.h */ = {isa = PBXFileReference; lastKnownFileType = sourcecode.c.h; path = DownloadListViewController.h; sourceTree = "<group>"; };
		5C98175320C0EE1B00DE531C /* DownloadListViewController.m */ = {isa = PBXFileReference; lastKnownFileType = sourcecode.c.objc; path = DownloadListViewController.m; sourceTree = "<group>"; };
		5C98175620C0EE6400DE531C /* DownloadTableViewCell.h */ = {isa = PBXFileReference; lastKnownFileType = sourcecode.c.h; path = DownloadTableViewCell.h; sourceTree = "<group>"; };
		5C98175720C0EE6400DE531C /* DownloadTableViewCell.m */ = {isa = PBXFileReference; lastKnownFileType = sourcecode.c.objc; path = DownloadTableViewCell.m; sourceTree = "<group>"; };
		5C98175920C0EF0500DE531C /* DownloadCellModel.h */ = {isa = PBXFileReference; lastKnownFileType = sourcecode.c.h; path = DownloadCellModel.h; sourceTree = "<group>"; };
		5C98175A20C0EF0500DE531C /* DownloadCellModel.m */ = {isa = PBXFileReference; lastKnownFileType = sourcecode.c.objc; path = DownloadCellModel.m; sourceTree = "<group>"; };
		5CACF1CE20BD580D00B11A9B /* mm.xml */ = {isa = PBXFileReference; fileEncoding = 4; lastKnownFileType = text.xml; path = mm.xml; sourceTree = "<group>"; };
		5CACF1D120BE43A400B11A9B /* MMBlockUnit.h */ = {isa = PBXFileReference; lastKnownFileType = sourcecode.c.h; path = MMBlockUnit.h; sourceTree = "<group>"; };
		5CACF1D220BE43A400B11A9B /* MMBlockUnit.m */ = {isa = PBXFileReference; lastKnownFileType = sourcecode.c.objc; path = MMBlockUnit.m; sourceTree = "<group>"; };
		5CACF1D520BE4EE500B11A9B /* MMNSURLSessionTask.h */ = {isa = PBXFileReference; lastKnownFileType = sourcecode.c.h; path = MMNSURLSessionTask.h; sourceTree = "<group>"; };
		5CACF1D620BE4EE500B11A9B /* MMNSURLSessionTask.m */ = {isa = PBXFileReference; lastKnownFileType = sourcecode.c.objc; path = MMNSURLSessionTask.m; sourceTree = "<group>"; };
		5CACF1D820BE8E2D00B11A9B /* MMunitConfig.h */ = {isa = PBXFileReference; lastKnownFileType = sourcecode.c.h; path = MMunitConfig.h; sourceTree = "<group>"; };
		5CACF1D920BE8ED800B11A9B /* MMUnitHeader.pch */ = {isa = PBXFileReference; lastKnownFileType = sourcecode.c.h; path = MMUnitHeader.pch; sourceTree = "<group>"; };
		5CACF1DD20BE951300B11A9B /* NSURLRequest+MMURLSessionTask.h */ = {isa = PBXFileReference; lastKnownFileType = sourcecode.c.h; path = "NSURLRequest+MMURLSessionTask.h"; sourceTree = "<group>"; };
		5CACF1DE20BE951300B11A9B /* NSURLRequest+MMURLSessionTask.m */ = {isa = PBXFileReference; lastKnownFileType = sourcecode.c.objc; path = "NSURLRequest+MMURLSessionTask.m"; sourceTree = "<group>"; };
		5CACF1E620BFD4E200B11A9B /* MMNSURLDownloadSessionManager.h */ = {isa = PBXFileReference; lastKnownFileType = sourcecode.c.h; path = MMNSURLDownloadSessionManager.h; sourceTree = "<group>"; };
		5CACF1E720BFD4E200B11A9B /* MMNSURLDownloadSessionManager.m */ = {isa = PBXFileReference; lastKnownFileType = sourcecode.c.objc; path = MMNSURLDownloadSessionManager.m; sourceTree = "<group>"; };
		5CACF1E920BFD9D800B11A9B /* NSObject+MMAddition.h */ = {isa = PBXFileReference; lastKnownFileType = sourcecode.c.h; path = "NSObject+MMAddition.h"; sourceTree = "<group>"; };
		5CACF1EA20BFD9D800B11A9B /* NSObject+MMAddition.m */ = {isa = PBXFileReference; lastKnownFileType = sourcecode.c.objc; path = "NSObject+MMAddition.m"; sourceTree = "<group>"; };
		5CC953B420D0F3CA00A25AC7 /* MMUnitDefineConfig.h */ = {isa = PBXFileReference; lastKnownFileType = sourcecode.c.h; path = MMUnitDefineConfig.h; sourceTree = "<group>"; };
		7CAB37CBD8AE42FB2366F506 /* Pods-MMUnitLib.release.xcconfig */ = {isa = PBXFileReference; includeInIndex = 1; lastKnownFileType = text.xcconfig; name = "Pods-MMUnitLib.release.xcconfig"; path = "Pods/Target Support Files/Pods-MMUnitLib/Pods-MMUnitLib.release.xcconfig"; sourceTree = "<group>"; };
		C57F918089359ADCBBF5A8C8 /* libPods-MMUnitLib.a */ = {isa = PBXFileReference; explicitFileType = archive.ar; includeInIndex = 0; path = "libPods-MMUnitLib.a"; sourceTree = BUILT_PRODUCTS_DIR; };
/* End PBXFileReference section */

/* Begin PBXFrameworksBuildPhase section */
		5C029A9D20BCF1D30029BAAE /* Frameworks */ = {
			isa = PBXFrameworksBuildPhase;
			buildActionMask = 2147483647;
			files = (
				93A7749CC6767CB43E86B3FB /* libPods-MMUnitLib.a in Frameworks */,
			);
			runOnlyForDeploymentPostprocessing = 0;
		};
/* End PBXFrameworksBuildPhase section */

/* Begin PBXGroup section */
		5C029A9720BCF1D30029BAAE = {
			isa = PBXGroup;
			children = (
				5C029AA220BCF1D30029BAAE /* MMUnitLib */,
				5C029AA120BCF1D30029BAAE /* Products */,
				F7518E6B9061FBACFB166C4D /* Pods */,
				A45268396986496C847E3A89 /* Frameworks */,
			);
			sourceTree = "<group>";
		};
		5C029AA120BCF1D30029BAAE /* Products */ = {
			isa = PBXGroup;
			children = (
				5C029AA020BCF1D30029BAAE /* MMUnitLib.app */,
			);
			name = Products;
			sourceTree = "<group>";
		};
		5C029AA220BCF1D30029BAAE /* MMUnitLib */ = {
			isa = PBXGroup;
			children = (
				5C029AC320BCF1E90029BAAE /* Bundle */,
				5C029AB920BCF1E90029BAAE /* class */,
				5C029AA320BCF1D30029BAAE /* AppDelegate.h */,
				5C029AA420BCF1D30029BAAE /* AppDelegate.m */,
				5C029AA620BCF1D30029BAAE /* ViewController.h */,
				5C029AA720BCF1D30029BAAE /* ViewController.m */,
				5C98175520C0EE2300DE531C /* DownloadList */,
				5CACF1D920BE8ED800B11A9B /* MMUnitHeader.pch */,
				5C029AA920BCF1D30029BAAE /* Main.storyboard */,
				5C029AAC20BCF1D50029BAAE /* Assets.xcassets */,
				5C029AAE20BCF1D50029BAAE /* LaunchScreen.storyboard */,
				5C029AB120BCF1D50029BAAE /* Info.plist */,
				5C029AB220BCF1D50029BAAE /* main.m */,
			);
			path = MMUnitLib;
			sourceTree = "<group>";
		};
		5C029AB920BCF1E90029BAAE /* class */ = {
			isa = PBXGroup;
			children = (
				5CACF1D820BE8E2D00B11A9B /* MMunitConfig.h */,
				5CC953B420D0F3CA00A25AC7 /* MMUnitDefineConfig.h */,
				5C029AD120BD4D090029BAAE /* Unit */,
				5C029ACD20BD48330029BAAE /* Addition */,
			);
			name = class;
			path = ../../class;
			sourceTree = "<group>";
		};
		5C029ABA20BCF1E90029BAAE /* JsonModelUnit */ = {
			isa = PBXGroup;
			children = (
				5C029ABB20BCF1E90029BAAE /* MMJsonModel.h */,
				5C029ABC20BCF1E90029BAAE /* MMJsonModel.m */,
			);
			path = JsonModelUnit;
			sourceTree = "<group>";
		};
		5C029ABD20BCF1E90029BAAE /* DBUnit */ = {
			isa = PBXGroup;
			children = (
				5C029ABE20BCF1E90029BAAE /* MMDBManager.m */,
				5C029ABF20BCF1E90029BAAE /* MMDBManager.h */,
			);
			path = DBUnit;
			sourceTree = "<group>";
		};
		5C029AC020BCF1E90029BAAE /* CrashUnit */ = {
			isa = PBXGroup;
			children = (
				5C029AC120BCF1E90029BAAE /* MMCrashLogManager.h */,
				5C029AC220BCF1E90029BAAE /* MMCrashLogManager.m */,
			);
			path = CrashUnit;
			sourceTree = "<group>";
		};
		5C029AC320BCF1E90029BAAE /* Bundle */ = {
			isa = PBXGroup;
			children = (
				5CACF1CE20BD580D00B11A9B /* mm.xml */,
				5C029AC420BCF1E90029BAAE /* CrashTable.db */,
			);
			name = Bundle;
			path = ../../Bundle;
			sourceTree = "<group>";
		};
		5C029AC920BCF1FA0029BAAE /* ConverData */ = {
			isa = PBXGroup;
			children = (
				5C029ACA20BCF21A0029BAAE /* MMConverDataUnit.h */,
				5C029ACB20BCF21A0029BAAE /* MMConverDataUnit.m */,
			);
			path = ConverData;
			sourceTree = "<group>";
		};
		5C029ACD20BD48330029BAAE /* Addition */ = {
			isa = PBXGroup;
			children = (
				5C029ACE20BD48560029BAAE /* UIColor+Addition.h */,
				5C029ACF20BD48560029BAAE /* UIColor+Addition.m */,
				5CACF1DD20BE951300B11A9B /* NSURLRequest+MMURLSessionTask.h */,
				5CACF1DE20BE951300B11A9B /* NSURLRequest+MMURLSessionTask.m */,
			);
			path = Addition;
			sourceTree = "<group>";
		};
		5C029AD120BD4D090029BAAE /* Unit */ = {
			isa = PBXGroup;
			children = (
				5CACF1D420BE4EB300B11A9B /* NSURLSession */,
				5CACF1D020BE439300B11A9B /* Block */,
				5C029AD220BD4D460029BAAE /* Xml */,
				5C029AC920BCF1FA0029BAAE /* ConverData */,
				5C029ABA20BCF1E90029BAAE /* JsonModelUnit */,
				5C029ABD20BCF1E90029BAAE /* DBUnit */,
				5C029AC020BCF1E90029BAAE /* CrashUnit */,
			);
			path = Unit;
			sourceTree = "<group>";
		};
		5C029AD220BD4D460029BAAE /* Xml */ = {
			isa = PBXGroup;
			children = (
				5C029AD320BD4D700029BAAE /* MMXMLAnalysisUnit.h */,
				5C029AD420BD4D700029BAAE /* MMXMLAnalysisUnit.m */,
			);
			path = Xml;
			sourceTree = "<group>";
		};
		5C98175520C0EE2300DE531C /* DownloadList */ = {
			isa = PBXGroup;
			children = (
				5C98175220C0EE1B00DE531C /* DownloadListViewController.h */,
				5C98175320C0EE1B00DE531C /* DownloadListViewController.m */,
				5C98175620C0EE6400DE531C /* DownloadTableViewCell.h */,
				5C98175720C0EE6400DE531C /* DownloadTableViewCell.m */,
				5C98175920C0EF0500DE531C /* DownloadCellModel.h */,
				5C98175A20C0EF0500DE531C /* DownloadCellModel.m */,
			);
			path = DownloadList;
			sourceTree = "<group>";
		};
		5CACF1D020BE439300B11A9B /* Block */ = {
			isa = PBXGroup;
			children = (
				5CACF1D120BE43A400B11A9B /* MMBlockUnit.h */,
				5CACF1D220BE43A400B11A9B /* MMBlockUnit.m */,
			);
			path = Block;
			sourceTree = "<group>";
		};
		5CACF1D420BE4EB300B11A9B /* NSURLSession */ = {
			isa = PBXGroup;
			children = (
				5CACF1D520BE4EE500B11A9B /* MMNSURLSessionTask.h */,
				5CACF1D620BE4EE500B11A9B /* MMNSURLSessionTask.m */,
				5CACF1E620BFD4E200B11A9B /* MMNSURLDownloadSessionManager.h */,
				5CACF1E720BFD4E200B11A9B /* MMNSURLDownloadSessionManager.m */,
				5CACF1E920BFD9D800B11A9B /* NSObject+MMAddition.h */,
				5CACF1EA20BFD9D800B11A9B /* NSObject+MMAddition.m */,
			);
			path = NSURLSession;
			sourceTree = "<group>";
		};
		A45268396986496C847E3A89 /* Frameworks */ = {
			isa = PBXGroup;
			children = (
				C57F918089359ADCBBF5A8C8 /* libPods-MMUnitLib.a */,
			);
			name = Frameworks;
			sourceTree = "<group>";
		};
		F7518E6B9061FBACFB166C4D /* Pods */ = {
			isa = PBXGroup;
			children = (
				029DECFF94C37708DD57CE1F /* Pods-MMUnitLib.debug.xcconfig */,
				7CAB37CBD8AE42FB2366F506 /* Pods-MMUnitLib.release.xcconfig */,
			);
			name = Pods;
			sourceTree = "<group>";
		};
/* End PBXGroup section */

/* Begin PBXNativeTarget section */
		5C029A9F20BCF1D30029BAAE /* MMUnitLib */ = {
			isa = PBXNativeTarget;
			buildConfigurationList = 5C029AB620BCF1D50029BAAE /* Build configuration list for PBXNativeTarget "MMUnitLib" */;
			buildPhases = (
				AB96E9A807D051FE61D6C500 /* [CP] Check Pods Manifest.lock */,
				5C029A9C20BCF1D30029BAAE /* Sources */,
				5C029A9D20BCF1D30029BAAE /* Frameworks */,
				5C029A9E20BCF1D30029BAAE /* Resources */,
				6DCCCDC2499CE8DBED86C068 /* [CP] Embed Pods Frameworks */,
				944F2C59E133BE4620F3731B /* [CP] Copy Pods Resources */,
			);
			buildRules = (
			);
			dependencies = (
			);
			name = MMUnitLib;
			productName = MMUnitLib;
			productReference = 5C029AA020BCF1D30029BAAE /* MMUnitLib.app */;
			productType = "com.apple.product-type.application";
		};
/* End PBXNativeTarget section */

/* Begin PBXProject section */
		5C029A9820BCF1D30029BAAE /* Project object */ = {
			isa = PBXProject;
			attributes = {
				LastUpgradeCheck = 0930;
				ORGANIZATIONNAME = Loren;
				TargetAttributes = {
					5C029A9F20BCF1D30029BAAE = {
						CreatedOnToolsVersion = 9.3.1;
					};
				};
			};
			buildConfigurationList = 5C029A9B20BCF1D30029BAAE /* Build configuration list for PBXProject "MMUnitLib" */;
			compatibilityVersion = "Xcode 9.3";
			developmentRegion = en;
			hasScannedForEncodings = 0;
			knownRegions = (
				en,
				Base,
			);
			mainGroup = 5C029A9720BCF1D30029BAAE;
			productRefGroup = 5C029AA120BCF1D30029BAAE /* Products */;
			projectDirPath = "";
			projectRoot = "";
			targets = (
				5C029A9F20BCF1D30029BAAE /* MMUnitLib */,
			);
		};
/* End PBXProject section */

/* Begin PBXResourcesBuildPhase section */
		5C029A9E20BCF1D30029BAAE /* Resources */ = {
			isa = PBXResourcesBuildPhase;
			buildActionMask = 2147483647;
			files = (
				5C029AB020BCF1D50029BAAE /* LaunchScreen.storyboard in Resources */,
				5C029AAD20BCF1D50029BAAE /* Assets.xcassets in Resources */,
				5CACF1CF20BD580D00B11A9B /* mm.xml in Resources */,
				5C029AC820BCF1E90029BAAE /* CrashTable.db in Resources */,
				5C029AAB20BCF1D30029BAAE /* Main.storyboard in Resources */,
			);
			runOnlyForDeploymentPostprocessing = 0;
		};
/* End PBXResourcesBuildPhase section */

/* Begin PBXShellScriptBuildPhase section */
		6DCCCDC2499CE8DBED86C068 /* [CP] Embed Pods Frameworks */ = {
			isa = PBXShellScriptBuildPhase;
			buildActionMask = 2147483647;
			files = (
			);
			inputPaths = (
			);
			name = "[CP] Embed Pods Frameworks";
			outputPaths = (
			);
			runOnlyForDeploymentPostprocessing = 0;
			shellPath = /bin/sh;
			shellScript = "\"${SRCROOT}/Pods/Target Support Files/Pods-MMUnitLib/Pods-MMUnitLib-frameworks.sh\"\n";
			showEnvVarsInLog = 0;
		};
		944F2C59E133BE4620F3731B /* [CP] Copy Pods Resources */ = {
			isa = PBXShellScriptBuildPhase;
			buildActionMask = 2147483647;
			files = (
			);
			inputPaths = (
			);
			name = "[CP] Copy Pods Resources";
			outputPaths = (
			);
			runOnlyForDeploymentPostprocessing = 0;
			shellPath = /bin/sh;
			shellScript = "\"${SRCROOT}/Pods/Target Support Files/Pods-MMUnitLib/Pods-MMUnitLib-resources.sh\"\n";
			showEnvVarsInLog = 0;
		};
		AB96E9A807D051FE61D6C500 /* [CP] Check Pods Manifest.lock */ = {
			isa = PBXShellScriptBuildPhase;
			buildActionMask = 2147483647;
			files = (
			);
			inputPaths = (
				"${PODS_PODFILE_DIR_PATH}/Podfile.lock",
				"${PODS_ROOT}/Manifest.lock",
			);
			name = "[CP] Check Pods Manifest.lock";
			outputPaths = (
				"$(DERIVED_FILE_DIR)/Pods-MMUnitLib-checkManifestLockResult.txt",
			);
			runOnlyForDeploymentPostprocessing = 0;
			shellPath = /bin/sh;
			shellScript = "diff \"${PODS_PODFILE_DIR_PATH}/Podfile.lock\" \"${PODS_ROOT}/Manifest.lock\" > /dev/null\nif [ $? != 0 ] ; then\n    # print error to STDERR\n    echo \"error: The sandbox is not in sync with the Podfile.lock. Run 'pod install' or update your CocoaPods installation.\" >&2\n    exit 1\nfi\n# This output is used by Xcode 'outputs' to avoid re-running this script phase.\necho \"SUCCESS\" > \"${SCRIPT_OUTPUT_FILE_0}\"\n";
			showEnvVarsInLog = 0;
		};
/* End PBXShellScriptBuildPhase section */

/* Begin PBXSourcesBuildPhase section */
		5C029A9C20BCF1D30029BAAE /* Sources */ = {
			isa = PBXSourcesBuildPhase;
			buildActionMask = 2147483647;
			files = (
				5CACF1DF20BE951300B11A9B /* NSURLRequest+MMURLSessionTask.m in Sources */,
				5CACF1EB20BFD9D800B11A9B /* NSObject+MMAddition.m in Sources */,
				5C029AA820BCF1D30029BAAE /* ViewController.m in Sources */,
				5CACF1E820BFD4E200B11A9B /* MMNSURLDownloadSessionManager.m in Sources */,
				5CACF1D720BE4EE500B11A9B /* MMNSURLSessionTask.m in Sources */,
				5C029AD020BD48560029BAAE /* UIColor+Addition.m in Sources */,
				5C98175420C0EE1B00DE531C /* DownloadListViewController.m in Sources */,
				5C029ACC20BCF21A0029BAAE /* MMConverDataUnit.m in Sources */,
				5C029AD520BD4D700029BAAE /* MMXMLAnalysisUnit.m in Sources */,
				5C029AC520BCF1E90029BAAE /* MMJsonModel.m in Sources */,
				5C029AB320BCF1D50029BAAE /* main.m in Sources */,
				5C029AC620BCF1E90029BAAE /* MMDBManager.m in Sources */,
				5C98175B20C0EF0500DE531C /* DownloadCellModel.m in Sources */,
				5CACF1D320BE43A400B11A9B /* MMBlockUnit.m in Sources */,
				5C98175820C0EE6400DE531C /* DownloadTableViewCell.m in Sources */,
				5C029AC720BCF1E90029BAAE /* MMCrashLogManager.m in Sources */,
				5C029AA520BCF1D30029BAAE /* AppDelegate.m in Sources */,
			);
			runOnlyForDeploymentPostprocessing = 0;
		};
/* End PBXSourcesBuildPhase section */

/* Begin PBXVariantGroup section */
		5C029AA920BCF1D30029BAAE /* Main.storyboard */ = {
			isa = PBXVariantGroup;
			children = (
				5C029AAA20BCF1D30029BAAE /* Base */,
			);
			name = Main.storyboard;
			sourceTree = "<group>";
		};
		5C029AAE20BCF1D50029BAAE /* LaunchScreen.storyboard */ = {
			isa = PBXVariantGroup;
			children = (
				5C029AAF20BCF1D50029BAAE /* Base */,
			);
			name = LaunchScreen.storyboard;
			sourceTree = "<group>";
		};
/* End PBXVariantGroup section */

/* Begin XCBuildConfiguration section */
		5C029AB420BCF1D50029BAAE /* Debug */ = {
			isa = XCBuildConfiguration;
			buildSettings = {
				ALWAYS_SEARCH_USER_PATHS = NO;
				CLANG_ANALYZER_NONNULL = YES;
				CLANG_ANALYZER_NUMBER_OBJECT_CONVERSION = YES_AGGRESSIVE;
				CLANG_CXX_LANGUAGE_STANDARD = "gnu++14";
				CLANG_CXX_LIBRARY = "libc++";
				CLANG_ENABLE_MODULES = YES;
				CLANG_ENABLE_OBJC_ARC = YES;
				CLANG_ENABLE_OBJC_WEAK = YES;
				CLANG_WARN_BLOCK_CAPTURE_AUTORELEASING = YES;
				CLANG_WARN_BOOL_CONVERSION = YES;
				CLANG_WARN_COMMA = YES;
				CLANG_WARN_CONSTANT_CONVERSION = YES;
				CLANG_WARN_DEPRECATED_OBJC_IMPLEMENTATIONS = YES;
				CLANG_WARN_DIRECT_OBJC_ISA_USAGE = YES_ERROR;
				CLANG_WARN_DOCUMENTATION_COMMENTS = YES;
				CLANG_WARN_EMPTY_BODY = YES;
				CLANG_WARN_ENUM_CONVERSION = YES;
				CLANG_WARN_INFINITE_RECURSION = YES;
				CLANG_WARN_INT_CONVERSION = YES;
				CLANG_WARN_NON_LITERAL_NULL_CONVERSION = YES;
				CLANG_WARN_OBJC_IMPLICIT_RETAIN_SELF = YES;
				CLANG_WARN_OBJC_LITERAL_CONVERSION = YES;
				CLANG_WARN_OBJC_ROOT_CLASS = YES_ERROR;
				CLANG_WARN_RANGE_LOOP_ANALYSIS = YES;
				CLANG_WARN_STRICT_PROTOTYPES = YES;
				CLANG_WARN_SUSPICIOUS_MOVE = YES;
				CLANG_WARN_UNGUARDED_AVAILABILITY = YES_AGGRESSIVE;
				CLANG_WARN_UNREACHABLE_CODE = YES;
				CLANG_WARN__DUPLICATE_METHOD_MATCH = YES;
				CODE_SIGN_IDENTITY = "iPhone Developer";
				COPY_PHASE_STRIP = NO;
				DEBUG_INFORMATION_FORMAT = dwarf;
				ENABLE_STRICT_OBJC_MSGSEND = YES;
				ENABLE_TESTABILITY = YES;
				GCC_C_LANGUAGE_STANDARD = gnu11;
				GCC_DYNAMIC_NO_PIC = NO;
				GCC_NO_COMMON_BLOCKS = YES;
				GCC_OPTIMIZATION_LEVEL = 0;
				GCC_PREPROCESSOR_DEFINITIONS = (
					"DEBUG=1",
					"$(inherited)",
				);
				GCC_WARN_64_TO_32_BIT_CONVERSION = YES;
				GCC_WARN_ABOUT_RETURN_TYPE = YES_ERROR;
				GCC_WARN_UNDECLARED_SELECTOR = YES;
				GCC_WARN_UNINITIALIZED_AUTOS = YES_AGGRESSIVE;
				GCC_WARN_UNUSED_FUNCTION = YES;
				GCC_WARN_UNUSED_VARIABLE = YES;
				IPHONEOS_DEPLOYMENT_TARGET = 11.3;
				MTL_ENABLE_DEBUG_INFO = YES;
				ONLY_ACTIVE_ARCH = YES;
				SDKROOT = iphoneos;
			};
			name = Debug;
		};
		5C029AB520BCF1D50029BAAE /* Release */ = {
			isa = XCBuildConfiguration;
			buildSettings = {
				ALWAYS_SEARCH_USER_PATHS = NO;
				CLANG_ANALYZER_NONNULL = YES;
				CLANG_ANALYZER_NUMBER_OBJECT_CONVERSION = YES_AGGRESSIVE;
				CLANG_CXX_LANGUAGE_STANDARD = "gnu++14";
				CLANG_CXX_LIBRARY = "libc++";
				CLANG_ENABLE_MODULES = YES;
				CLANG_ENABLE_OBJC_ARC = YES;
				CLANG_ENABLE_OBJC_WEAK = YES;
				CLANG_WARN_BLOCK_CAPTURE_AUTORELEASING = YES;
				CLANG_WARN_BOOL_CONVERSION = YES;
				CLANG_WARN_COMMA = YES;
				CLANG_WARN_CONSTANT_CONVERSION = YES;
				CLANG_WARN_DEPRECATED_OBJC_IMPLEMENTATIONS = YES;
				CLANG_WARN_DIRECT_OBJC_ISA_USAGE = YES_ERROR;
				CLANG_WARN_DOCUMENTATION_COMMENTS = YES;
				CLANG_WARN_EMPTY_BODY = YES;
				CLANG_WARN_ENUM_CONVERSION = YES;
				CLANG_WARN_INFINITE_RECURSION = YES;
				CLANG_WARN_INT_CONVERSION = YES;
				CLANG_WARN_NON_LITERAL_NULL_CONVERSION = YES;
				CLANG_WARN_OBJC_IMPLICIT_RETAIN_SELF = YES;
				CLANG_WARN_OBJC_LITERAL_CONVERSION = YES;
				CLANG_WARN_OBJC_ROOT_CLASS = YES_ERROR;
				CLANG_WARN_RANGE_LOOP_ANALYSIS = YES;
				CLANG_WARN_STRICT_PROTOTYPES = YES;
				CLANG_WARN_SUSPICIOUS_MOVE = YES;
				CLANG_WARN_UNGUARDED_AVAILABILITY = YES_AGGRESSIVE;
				CLANG_WARN_UNREACHABLE_CODE = YES;
				CLANG_WARN__DUPLICATE_METHOD_MATCH = YES;
				CODE_SIGN_IDENTITY = "iPhone Developer";
				COPY_PHASE_STRIP = NO;
				DEBUG_INFORMATION_FORMAT = "dwarf-with-dsym";
				ENABLE_NS_ASSERTIONS = NO;
				ENABLE_STRICT_OBJC_MSGSEND = YES;
				GCC_C_LANGUAGE_STANDARD = gnu11;
				GCC_NO_COMMON_BLOCKS = YES;
				GCC_WARN_64_TO_32_BIT_CONVERSION = YES;
				GCC_WARN_ABOUT_RETURN_TYPE = YES_ERROR;
				GCC_WARN_UNDECLARED_SELECTOR = YES;
				GCC_WARN_UNINITIALIZED_AUTOS = YES_AGGRESSIVE;
				GCC_WARN_UNUSED_FUNCTION = YES;
				GCC_WARN_UNUSED_VARIABLE = YES;
				IPHONEOS_DEPLOYMENT_TARGET = 11.3;
				MTL_ENABLE_DEBUG_INFO = NO;
				SDKROOT = iphoneos;
				VALIDATE_PRODUCT = YES;
			};
			name = Release;
		};
		5C029AB720BCF1D50029BAAE /* Debug */ = {
			isa = XCBuildConfiguration;
			baseConfigurationReference = 029DECFF94C37708DD57CE1F /* Pods-MMUnitLib.debug.xcconfig */;
			buildSettings = {
				ASSETCATALOG_COMPILER_APPICON_NAME = AppIcon;
				CODE_SIGN_STYLE = Manual;
				DEVELOPMENT_TEAM = "";
				GCC_C_LANGUAGE_STANDARD = gnu99;
				GCC_PREFIX_HEADER = "$(SRCROOT)/MMUnitLib/MMUnitHeader.pch";
				INFOPLIST_FILE = MMUnitLib/Info.plist;
				LD_RUNPATH_SEARCH_PATHS = (
					"$(inherited)",
					"@executable_path/Frameworks",
				);
				PRODUCT_BUNDLE_IDENTIFIER = com.Loren.MMUnitLib;
				PRODUCT_NAME = "$(TARGET_NAME)";
				PROVISIONING_PROFILE_SPECIFIER = "";
				TARGETED_DEVICE_FAMILY = "1,2";
			};
			name = Debug;
		};
		5C029AB820BCF1D50029BAAE /* Release */ = {
			isa = XCBuildConfiguration;
			baseConfigurationReference = 7CAB37CBD8AE42FB2366F506 /* Pods-MMUnitLib.release.xcconfig */;
			buildSettings = {
				ASSETCATALOG_COMPILER_APPICON_NAME = AppIcon;
				CODE_SIGN_STYLE = Manual;
				DEVELOPMENT_TEAM = "";
				GCC_C_LANGUAGE_STANDARD = gnu99;
				GCC_PREFIX_HEADER = "$(SRCROOT)/MMUnitLib/MMUnitHeader.pch";
				INFOPLIST_FILE = MMUnitLib/Info.plist;
				LD_RUNPATH_SEARCH_PATHS = (
					"$(inherited)",
					"@executable_path/Frameworks",
				);
				PRODUCT_BUNDLE_IDENTIFIER = com.Loren.MMUnitLib;
				PRODUCT_NAME = "$(TARGET_NAME)";
				PROVISIONING_PROFILE_SPECIFIER = "";
				TARGETED_DEVICE_FAMILY = "1,2";
			};
			name = Release;
		};
/* End XCBuildConfiguration section */

/* Begin XCConfigurationList section */
		5C029A9B20BCF1D30029BAAE /* Build configuration list for PBXProject "MMUnitLib" */ = {
			isa = XCConfigurationList;
			buildConfigurations = (
				5C029AB420BCF1D50029BAAE /* Debug */,
				5C029AB520BCF1D50029BAAE /* Release */,
			);
			defaultConfigurationIsVisible = 0;
			defaultConfigurationName = Release;
		};
		5C029AB620BCF1D50029BAAE /* Build configuration list for PBXNativeTarget "MMUnitLib" */ = {
			isa = XCConfigurationList;
			buildConfigurations = (
				5C029AB720BCF1D50029BAAE /* Debug */,
				5C029AB820BCF1D50029BAAE /* Release */,
			);
			defaultConfigurationIsVisible = 0;
			defaultConfigurationName = Release;
		};
/* End XCConfigurationList section */
	};
	rootObject = 5C029A9820BCF1D30029BAAE /* Project object */;
}
